// !$*UTF8*$!
{
	archiveVersion = 1;
	classes = {
	};
	objectVersion = 55;
	objects = {

/* Begin PBXBuildFile section */
		3608DEBC2A54188800AA6394 /* HomeViewController.swift in Sources */ = {isa = PBXBuildFile; fileRef = 3608DEBB2A54188800AA6394 /* HomeViewController.swift */; };
		36223F672A52800400E57E07 /* AppDelegate.swift in Sources */ = {isa = PBXBuildFile; fileRef = 36223F662A52800400E57E07 /* AppDelegate.swift */; };
		36223F692A52800400E57E07 /* SceneDelegate.swift in Sources */ = {isa = PBXBuildFile; fileRef = 36223F682A52800400E57E07 /* SceneDelegate.swift */; };
		36223F6B2A52800400E57E07 /* WelcomeViewController.swift in Sources */ = {isa = PBXBuildFile; fileRef = 36223F6A2A52800400E57E07 /* WelcomeViewController.swift */; };
		36223F6E2A52800400E57E07 /* Main.storyboard in Resources */ = {isa = PBXBuildFile; fileRef = 36223F6C2A52800400E57E07 /* Main.storyboard */; };
		36223F702A52800800E57E07 /* Assets.xcassets in Resources */ = {isa = PBXBuildFile; fileRef = 36223F6F2A52800800E57E07 /* Assets.xcassets */; };
		36223F732A52800800E57E07 /* LaunchScreen.storyboard in Resources */ = {isa = PBXBuildFile; fileRef = 36223F712A52800800E57E07 /* LaunchScreen.storyboard */; };
		36223F7E2A52800900E57E07 /* bebasappTests.swift in Sources */ = {isa = PBXBuildFile; fileRef = 36223F7D2A52800900E57E07 /* bebasappTests.swift */; };
		36223F882A52800900E57E07 /* bebasappUITests.swift in Sources */ = {isa = PBXBuildFile; fileRef = 36223F872A52800900E57E07 /* bebasappUITests.swift */; };
		36223F8A2A52800900E57E07 /* bebasappUITestsLaunchTests.swift in Sources */ = {isa = PBXBuildFile; fileRef = 36223F892A52800900E57E07 /* bebasappUITestsLaunchTests.swift */; };
		36584C632A53D53B0078E4ED /* ResetViewController.swift in Sources */ = {isa = PBXBuildFile; fileRef = 36584C622A53D53B0078E4ED /* ResetViewController.swift */; };
		36584C652A53D59C0078E4ED /* UpdatePassViewController.swift in Sources */ = {isa = PBXBuildFile; fileRef = 36584C642A53D59C0078E4ED /* UpdatePassViewController.swift */; };
		36584C672A53D5BD0078E4ED /* RegisterViewController.swift in Sources */ = {isa = PBXBuildFile; fileRef = 36584C662A53D5BD0078E4ED /* RegisterViewController.swift */; };
		36584C692A53D5E20078E4ED /* ProfileViewController.swift in Sources */ = {isa = PBXBuildFile; fileRef = 36584C682A53D5E20078E4ED /* ProfileViewController.swift */; };
/* End PBXBuildFile section */

/* Begin PBXContainerItemProxy section */
		36223F7A2A52800900E57E07 /* PBXContainerItemProxy */ = {
			isa = PBXContainerItemProxy;
			containerPortal = 36223F5B2A52800300E57E07 /* Project object */;
			proxyType = 1;
			remoteGlobalIDString = 36223F622A52800400E57E07;
			remoteInfo = bebasapp;
		};
		36223F842A52800900E57E07 /* PBXContainerItemProxy */ = {
			isa = PBXContainerItemProxy;
			containerPortal = 36223F5B2A52800300E57E07 /* Project object */;
			proxyType = 1;
			remoteGlobalIDString = 36223F622A52800400E57E07;
			remoteInfo = bebasapp;
		};
/* End PBXContainerItemProxy section */

/* Begin PBXFileReference section */
		3608DEBB2A54188800AA6394 /* HomeViewController.swift */ = {isa = PBXFileReference; lastKnownFileType = sourcecode.swift; path = HomeViewController.swift; sourceTree = "<group>"; };
		36223F632A52800400E57E07 /* bebasapp.app */ = {isa = PBXFileReference; explicitFileType = wrapper.application; includeInIndex = 0; path = bebasapp.app; sourceTree = BUILT_PRODUCTS_DIR; };
		36223F662A52800400E57E07 /* AppDelegate.swift */ = {isa = PBXFileReference; lastKnownFileType = sourcecode.swift; path = AppDelegate.swift; sourceTree = "<group>"; };
		36223F682A52800400E57E07 /* SceneDelegate.swift */ = {isa = PBXFileReference; lastKnownFileType = sourcecode.swift; path = SceneDelegate.swift; sourceTree = "<group>"; };
		36223F6A2A52800400E57E07 /* WelcomeViewController.swift */ = {isa = PBXFileReference; lastKnownFileType = sourcecode.swift; path = WelcomeViewController.swift; sourceTree = "<group>"; };
		36223F6D2A52800400E57E07 /* Base */ = {isa = PBXFileReference; lastKnownFileType = file.storyboard; name = Base; path = Base.lproj/Main.storyboard; sourceTree = "<group>"; };
		36223F6F2A52800800E57E07 /* Assets.xcassets */ = {isa = PBXFileReference; lastKnownFileType = folder.assetcatalog; path = Assets.xcassets; sourceTree = "<group>"; };
		36223F722A52800800E57E07 /* Base */ = {isa = PBXFileReference; lastKnownFileType = file.storyboard; name = Base; path = Base.lproj/LaunchScreen.storyboard; sourceTree = "<group>"; };
		36223F742A52800800E57E07 /* Info.plist */ = {isa = PBXFileReference; lastKnownFileType = text.plist.xml; path = Info.plist; sourceTree = "<group>"; };
		36223F792A52800900E57E07 /* bebasappTests.xctest */ = {isa = PBXFileReference; explicitFileType = wrapper.cfbundle; includeInIndex = 0; path = bebasappTests.xctest; sourceTree = BUILT_PRODUCTS_DIR; };
		36223F7D2A52800900E57E07 /* bebasappTests.swift */ = {isa = PBXFileReference; lastKnownFileType = sourcecode.swift; path = bebasappTests.swift; sourceTree = "<group>"; };
		36223F832A52800900E57E07 /* bebasappUITests.xctest */ = {isa = PBXFileReference; explicitFileType = wrapper.cfbundle; includeInIndex = 0; path = bebasappUITests.xctest; sourceTree = BUILT_PRODUCTS_DIR; };
		36223F872A52800900E57E07 /* bebasappUITests.swift */ = {isa = PBXFileReference; lastKnownFileType = sourcecode.swift; path = bebasappUITests.swift; sourceTree = "<group>"; };
		36223F892A52800900E57E07 /* bebasappUITestsLaunchTests.swift */ = {isa = PBXFileReference; lastKnownFileType = sourcecode.swift; path = bebasappUITestsLaunchTests.swift; sourceTree = "<group>"; };
		36584C622A53D53B0078E4ED /* ResetViewController.swift */ = {isa = PBXFileReference; lastKnownFileType = sourcecode.swift; path = ResetViewController.swift; sourceTree = "<group>"; };
		36584C642A53D59C0078E4ED /* UpdatePassViewController.swift */ = {isa = PBXFileReference; lastKnownFileType = sourcecode.swift; path = UpdatePassViewController.swift; sourceTree = "<group>"; };
		36584C662A53D5BD0078E4ED /* RegisterViewController.swift */ = {isa = PBXFileReference; lastKnownFileType = sourcecode.swift; path = RegisterViewController.swift; sourceTree = "<group>"; };
		36584C682A53D5E20078E4ED /* ProfileViewController.swift */ = {isa = PBXFileReference; lastKnownFileType = sourcecode.swift; path = ProfileViewController.swift; sourceTree = "<group>"; };
/* End PBXFileReference section */

/* Begin PBXFrameworksBuildPhase section */
		36223F602A52800400E57E07 /* Frameworks */ = {
			isa = PBXFrameworksBuildPhase;
			buildActionMask = 2147483647;
			files = (
			);
			runOnlyForDeploymentPostprocessing = 0;
		};
		36223F762A52800900E57E07 /* Frameworks */ = {
			isa = PBXFrameworksBuildPhase;
			buildActionMask = 2147483647;
			files = (
			);
			runOnlyForDeploymentPostprocessing = 0;
		};
		36223F802A52800900E57E07 /* Frameworks */ = {
			isa = PBXFrameworksBuildPhase;
			buildActionMask = 2147483647;
			files = (
			);
			runOnlyForDeploymentPostprocessing = 0;
		};
/* End PBXFrameworksBuildPhase section */

/* Begin PBXGroup section */
		36223F5A2A52800300E57E07 = {
			isa = PBXGroup;
			children = (
				36223F652A52800400E57E07 /* bebasapp */,
				36223F7C2A52800900E57E07 /* bebasappTests */,
				36223F862A52800900E57E07 /* bebasappUITests */,
				36223F642A52800400E57E07 /* Products */,
			);
			sourceTree = "<group>";
		};
		36223F642A52800400E57E07 /* Products */ = {
			isa = PBXGroup;
			children = (
				36223F632A52800400E57E07 /* bebasapp.app */,
				36223F792A52800900E57E07 /* bebasappTests.xctest */,
				36223F832A52800900E57E07 /* bebasappUITests.xctest */,
			);
			name = Products;
			sourceTree = "<group>";
		};
		36223F652A52800400E57E07 /* bebasapp */ = {
			isa = PBXGroup;
			children = (
				36223F662A52800400E57E07 /* AppDelegate.swift */,
				36223F682A52800400E57E07 /* SceneDelegate.swift */,
				36223F6A2A52800400E57E07 /* WelcomeViewController.swift */,
				36584C622A53D53B0078E4ED /* ResetViewController.swift */,
				36584C662A53D5BD0078E4ED /* RegisterViewController.swift */,
				36584C642A53D59C0078E4ED /* UpdatePassViewController.swift */,
				3608DEBB2A54188800AA6394 /* HomeViewController.swift */,
				36584C682A53D5E20078E4ED /* ProfileViewController.swift */,
				36223F6C2A52800400E57E07 /* Main.storyboard */,
				36223F6F2A52800800E57E07 /* Assets.xcassets */,
				36223F712A52800800E57E07 /* LaunchScreen.storyboard */,
				36223F742A52800800E57E07 /* Info.plist */,
			);
			path = bebasapp;
			sourceTree = "<group>";
		};
		36223F7C2A52800900E57E07 /* bebasappTests */ = {
			isa = PBXGroup;
			children = (
				36223F7D2A52800900E57E07 /* bebasappTests.swift */,
			);
			path = bebasappTests;
			sourceTree = "<group>";
		};
		36223F862A52800900E57E07 /* bebasappUITests */ = {
			isa = PBXGroup;
			children = (
				36223F872A52800900E57E07 /* bebasappUITests.swift */,
				36223F892A52800900E57E07 /* bebasappUITestsLaunchTests.swift */,
			);
			path = bebasappUITests;
			sourceTree = "<group>";
		};
/* End PBXGroup section */

/* Begin PBXNativeTarget section */
		36223F622A52800400E57E07 /* bebasapp */ = {
			isa = PBXNativeTarget;
			buildConfigurationList = 36223F8D2A52800900E57E07 /* Build configuration list for PBXNativeTarget "bebasapp" */;
			buildPhases = (
				36223F5F2A52800400E57E07 /* Sources */,
				36223F602A52800400E57E07 /* Frameworks */,
				36223F612A52800400E57E07 /* Resources */,
			);
			buildRules = (
			);
			dependencies = (
			);
			name = bebasapp;
			productName = bebasapp;
			productReference = 36223F632A52800400E57E07 /* bebasapp.app */;
			productType = "com.apple.product-type.application";
		};
		36223F782A52800900E57E07 /* bebasappTests */ = {
			isa = PBXNativeTarget;
			buildConfigurationList = 36223F902A52800900E57E07 /* Build configuration list for PBXNativeTarget "bebasappTests" */;
			buildPhases = (
				36223F752A52800900E57E07 /* Sources */,
				36223F762A52800900E57E07 /* Frameworks */,
				36223F772A52800900E57E07 /* Resources */,
			);
			buildRules = (
			);
			dependencies = (
				36223F7B2A52800900E57E07 /* PBXTargetDependency */,
			);
			name = bebasappTests;
			productName = bebasappTests;
			productReference = 36223F792A52800900E57E07 /* bebasappTests.xctest */;
			productType = "com.apple.product-type.bundle.unit-test";
		};
		36223F822A52800900E57E07 /* bebasappUITests */ = {
			isa = PBXNativeTarget;
			buildConfigurationList = 36223F932A52800900E57E07 /* Build configuration list for PBXNativeTarget "bebasappUITests" */;
			buildPhases = (
				36223F7F2A52800900E57E07 /* Sources */,
				36223F802A52800900E57E07 /* Frameworks */,
				36223F812A52800900E57E07 /* Resources */,
			);
			buildRules = (
			);
			dependencies = (
				36223F852A52800900E57E07 /* PBXTargetDependency */,
			);
			name = bebasappUITests;
			productName = bebasappUITests;
			productReference = 36223F832A52800900E57E07 /* bebasappUITests.xctest */;
			productType = "com.apple.product-type.bundle.ui-testing";
		};
/* End PBXNativeTarget section */

/* Begin PBXProject section */
		36223F5B2A52800300E57E07 /* Project object */ = {
			isa = PBXProject;
			attributes = {
				BuildIndependentTargetsInParallel = 1;
				LastSwiftUpdateCheck = 1330;
				LastUpgradeCheck = 1330;
				TargetAttributes = {
					36223F622A52800400E57E07 = {
						CreatedOnToolsVersion = 13.3.1;
					};
					36223F782A52800900E57E07 = {
						CreatedOnToolsVersion = 13.3.1;
						TestTargetID = 36223F622A52800400E57E07;
					};
					36223F822A52800900E57E07 = {
						CreatedOnToolsVersion = 13.3.1;
						TestTargetID = 36223F622A52800400E57E07;
					};
				};
			};
			buildConfigurationList = 36223F5E2A52800300E57E07 /* Build configuration list for PBXProject "bebasapp" */;
			compatibilityVersion = "Xcode 13.0";
			developmentRegion = en;
			hasScannedForEncodings = 0;
			knownRegions = (
				en,
				Base,
			);
			mainGroup = 36223F5A2A52800300E57E07;
			productRefGroup = 36223F642A52800400E57E07 /* Products */;
			projectDirPath = "";
			projectRoot = "";
			targets = (
				36223F622A52800400E57E07 /* bebasapp */,
				36223F782A52800900E57E07 /* bebasappTests */,
				36223F822A52800900E57E07 /* bebasappUITests */,
			);
		};
/* End PBXProject section */

/* Begin PBXResourcesBuildPhase section */
		36223F612A52800400E57E07 /* Resources */ = {
			isa = PBXResourcesBuildPhase;
			buildActionMask = 2147483647;
			files = (
				36223F732A52800800E57E07 /* LaunchScreen.storyboard in Resources */,
				36223F702A52800800E57E07 /* Assets.xcassets in Resources */,
				36223F6E2A52800400E57E07 /* Main.storyboard in Resources */,
			);
			runOnlyForDeploymentPostprocessing = 0;
		};
		36223F772A52800900E57E07 /* Resources */ = {
			isa = PBXResourcesBuildPhase;
			buildActionMask = 2147483647;
			files = (
			);
			runOnlyForDeploymentPostprocessing = 0;
		};
		36223F812A52800900E57E07 /* Resources */ = {
			isa = PBXResourcesBuildPhase;
			buildActionMask = 2147483647;
			files = (
			);
			runOnlyForDeploymentPostprocessing = 0;
		};
/* End PBXResourcesBuildPhase section */

/* Begin PBXSourcesBuildPhase section */
		36223F5F2A52800400E57E07 /* Sources */ = {
			isa = PBXSourcesBuildPhase;
			buildActionMask = 2147483647;
			files = (
				36223F6B2A52800400E57E07 /* WelcomeViewController.swift in Sources */,
				36223F672A52800400E57E07 /* AppDelegate.swift in Sources */,
				36584C652A53D59C0078E4ED /* UpdatePassViewController.swift in Sources */,
				3608DEBC2A54188800AA6394 /* HomeViewController.swift in Sources */,
				36584C672A53D5BD0078E4ED /* RegisterViewController.swift in Sources */,
				36584C692A53D5E20078E4ED /* ProfileViewController.swift in Sources */,
				36584C632A53D53B0078E4ED /* ResetViewController.swift in Sources */,
				36223F692A52800400E57E07 /* SceneDelegate.swift in Sources */,
			);
			runOnlyForDeploymentPostprocessing = 0;
		};
		36223F752A52800900E57E07 /* Sources */ = {
			isa = PBXSourcesBuildPhase;
			buildActionMask = 2147483647;
			files = (
				36223F7E2A52800900E57E07 /* bebasappTests.swift in Sources */,
			);
			runOnlyForDeploymentPostprocessing = 0;
		};
		36223F7F2A52800900E57E07 /* Sources */ = {
			isa = PBXSourcesBuildPhase;
			buildActionMask = 2147483647;
			files = (
				36223F8A2A52800900E57E07 /* bebasappUITestsLaunchTests.swift in Sources */,
				36223F882A52800900E57E07 /* bebasappUITests.swift in Sources */,
			);
			runOnlyForDeploymentPostprocessing = 0;
		};
/* End PBXSourcesBuildPhase section */

/* Begin PBXTargetDependency section */
		36223F7B2A52800900E57E07 /* PBXTargetDependency */ = {
			isa = PBXTargetDependency;
			target = 36223F622A52800400E57E07 /* bebasapp */;
			targetProxy = 36223F7A2A52800900E57E07 /* PBXContainerItemProxy */;
		};
		36223F852A52800900E57E07 /* PBXTargetDependency */ = {
			isa = PBXTargetDependency;
			target = 36223F622A52800400E57E07 /* bebasapp */;
			targetProxy = 36223F842A52800900E57E07 /* PBXContainerItemProxy */;
		};
/* End PBXTargetDependency section */

/* Begin PBXVariantGroup section */
		36223F6C2A52800400E57E07 /* Main.storyboard */ = {
			isa = PBXVariantGroup;
			children = (
				36223F6D2A52800400E57E07 /* Base */,
			);
			name = Main.storyboard;
			sourceTree = "<group>";
		};
		36223F712A52800800E57E07 /* LaunchScreen.storyboard */ = {
			isa = PBXVariantGroup;
			children = (
				36223F722A52800800E57E07 /* Base */,
			);
			name = LaunchScreen.storyboard;
			sourceTree = "<group>";
		};
/* End PBXVariantGroup section */

/* Begin XCBuildConfiguration section */
		36223F8B2A52800900E57E07 /* Debug */ = {
			isa = XCBuildConfiguration;
			buildSettings = {
				ALWAYS_SEARCH_USER_PATHS = NO;
				CLANG_ANALYZER_NONNULL = YES;
				CLANG_ANALYZER_NUMBER_OBJECT_CONVERSION = YES_AGGRESSIVE;
				CLANG_CXX_LANGUAGE_STANDARD = "gnu++17";
				CLANG_ENABLE_MODULES = YES;
				CLANG_ENABLE_OBJC_ARC = YES;
				CLANG_ENABLE_OBJC_WEAK = YES;
				CLANG_WARN_BLOCK_CAPTURE_AUTORELEASING = YES;
				CLANG_WARN_BOOL_CONVERSION = YES;
				CLANG_WARN_COMMA = YES;
				CLANG_WARN_CONSTANT_CONVERSION = YES;
				CLANG_WARN_DEPRECATED_OBJC_IMPLEMENTATIONS = YES;
				CLANG_WARN_DIRECT_OBJC_ISA_USAGE = YES_ERROR;
				CLANG_WARN_DOCUMENTATION_COMMENTS = YES;
				CLANG_WARN_EMPTY_BODY = YES;
				CLANG_WARN_ENUM_CONVERSION = YES;
				CLANG_WARN_INFINITE_RECURSION = YES;
				CLANG_WARN_INT_CONVERSION = YES;
				CLANG_WARN_NON_LITERAL_NULL_CONVERSION = YES;
				CLANG_WARN_OBJC_IMPLICIT_RETAIN_SELF = YES;
				CLANG_WARN_OBJC_LITERAL_CONVERSION = YES;
				CLANG_WARN_OBJC_ROOT_CLASS = YES_ERROR;
				CLANG_WARN_QUOTED_INCLUDE_IN_FRAMEWORK_HEADER = YES;
				CLANG_WARN_RANGE_LOOP_ANALYSIS = YES;
				CLANG_WARN_STRICT_PROTOTYPES = YES;
				CLANG_WARN_SUSPICIOUS_MOVE = YES;
				CLANG_WARN_UNGUARDED_AVAILABILITY = YES_AGGRESSIVE;
				CLANG_WARN_UNREACHABLE_CODE = YES;
				CLANG_WARN__DUPLICATE_METHOD_MATCH = YES;
				COPY_PHASE_STRIP = NO;
				DEBUG_INFORMATION_FORMAT = dwarf;
				ENABLE_STRICT_OBJC_MSGSEND = YES;
				ENABLE_TESTABILITY = YES;
				GCC_C_LANGUAGE_STANDARD = gnu11;
				GCC_DYNAMIC_NO_PIC = NO;
				GCC_NO_COMMON_BLOCKS = YES;
				GCC_OPTIMIZATION_LEVEL = 0;
				GCC_PREPROCESSOR_DEFINITIONS = (
					"DEBUG=1",
					"$(inherited)",
				);
				GCC_WARN_64_TO_32_BIT_CONVERSION = YES;
				GCC_WARN_ABOUT_RETURN_TYPE = YES_ERROR;
				GCC_WARN_UNDECLARED_SELECTOR = YES;
				GCC_WARN_UNINITIALIZED_AUTOS = YES_AGGRESSIVE;
				GCC_WARN_UNUSED_FUNCTION = YES;
				GCC_WARN_UNUSED_VARIABLE = YES;
				IPHONEOS_DEPLOYMENT_TARGET = 15.4;
				MTL_ENABLE_DEBUG_INFO = INCLUDE_SOURCE;
				MTL_FAST_MATH = YES;
				ONLY_ACTIVE_ARCH = YES;
				SDKROOT = iphoneos;
				SWIFT_ACTIVE_COMPILATION_CONDITIONS = DEBUG;
				SWIFT_OPTIMIZATION_LEVEL = "-Onone";
			};
			name = Debug;
		};
		36223F8C2A52800900E57E07 /* Release */ = {
			isa = XCBuildConfiguration;
			buildSettings = {
				ALWAYS_SEARCH_USER_PATHS = NO;
				CLANG_ANALYZER_NONNULL = YES;
				CLANG_ANALYZER_NUMBER_OBJECT_CONVERSION = YES_AGGRESSIVE;
				CLANG_CXX_LANGUAGE_STANDARD = "gnu++17";
				CLANG_ENABLE_MODULES = YES;
				CLANG_ENABLE_OBJC_ARC = YES;
				CLANG_ENABLE_OBJC_WEAK = YES;
				CLANG_WARN_BLOCK_CAPTURE_AUTORELEASING = YES;
				CLANG_WARN_BOOL_CONVERSION = YES;
				CLANG_WARN_COMMA = YES;
				CLANG_WARN_CONSTANT_CONVERSION = YES;
				CLANG_WARN_DEPRECATED_OBJC_IMPLEMENTATIONS = YES;
				CLANG_WARN_DIRECT_OBJC_ISA_USAGE = YES_ERROR;
				CLANG_WARN_DOCUMENTATION_COMMENTS = YES;
				CLANG_WARN_EMPTY_BODY = YES;
				CLANG_WARN_ENUM_CONVERSION = YES;
				CLANG_WARN_INFINITE_RECURSION = YES;
				CLANG_WARN_INT_CONVERSION = YES;
				CLANG_WARN_NON_LITERAL_NULL_CONVERSION = YES;
				CLANG_WARN_OBJC_IMPLICIT_RETAIN_SELF = YES;
				CLANG_WARN_OBJC_LITERAL_CONVERSION = YES;
				CLANG_WARN_OBJC_ROOT_CLASS = YES_ERROR;
				CLANG_WARN_QUOTED_INCLUDE_IN_FRAMEWORK_HEADER = YES;
				CLANG_WARN_RANGE_LOOP_ANALYSIS = YES;
				CLANG_WARN_STRICT_PROTOTYPES = YES;
				CLANG_WARN_SUSPICIOUS_MOVE = YES;
				CLANG_WARN_UNGUARDED_AVAILABILITY = YES_AGGRESSIVE;
				CLANG_WARN_UNREACHABLE_CODE = YES;
				CLANG_WARN__DUPLICATE_METHOD_MATCH = YES;
				COPY_PHASE_STRIP = NO;
				DEBUG_INFORMATION_FORMAT = "dwarf-with-dsym";
				ENABLE_NS_ASSERTIONS = NO;
				ENABLE_STRICT_OBJC_MSGSEND = YES;
				GCC_C_LANGUAGE_STANDARD = gnu11;
				GCC_NO_COMMON_BLOCKS = YES;
				GCC_WARN_64_TO_32_BIT_CONVERSION = YES;
				GCC_WARN_ABOUT_RETURN_TYPE = YES_ERROR;
				GCC_WARN_UNDECLARED_SELECTOR = YES;
				GCC_WARN_UNINITIALIZED_AUTOS = YES_AGGRESSIVE;
				GCC_WARN_UNUSED_FUNCTION = YES;
				GCC_WARN_UNUSED_VARIABLE = YES;
				IPHONEOS_DEPLOYMENT_TARGET = 15.4;
				MTL_ENABLE_DEBUG_INFO = NO;
				MTL_FAST_MATH = YES;
				SDKROOT = iphoneos;
				SWIFT_COMPILATION_MODE = wholemodule;
				SWIFT_OPTIMIZATION_LEVEL = "-O";
				VALIDATE_PRODUCT = YES;
			};
			name = Release;
		};
		36223F8E2A52800900E57E07 /* Debug */ = {
			isa = XCBuildConfiguration;
			buildSettings = {
				ASSETCATALOG_COMPILER_APPICON_NAME = AppIcon;
				ASSETCATALOG_COMPILER_GLOBAL_ACCENT_COLOR_NAME = AccentColor;
				CODE_SIGN_STYLE = Automatic;
				CURRENT_PROJECT_VERSION = 1;
				GENERATE_INFOPLIST_FILE = YES;
				INFOPLIST_FILE = bebasapp/Info.plist;
				INFOPLIST_KEY_UIApplicationSupportsIndirectInputEvents = YES;
				INFOPLIST_KEY_UILaunchStoryboardName = LaunchScreen;
				INFOPLIST_KEY_UIMainStoryboardFile = Main;
				INFOPLIST_KEY_UISupportedInterfaceOrientations_iPad = "UIInterfaceOrientationPortrait UIInterfaceOrientationPortraitUpsideDown UIInterfaceOrientationLandscapeLeft UIInterfaceOrientationLandscapeRight";
				INFOPLIST_KEY_UISupportedInterfaceOrientations_iPhone = "UIInterfaceOrientationPortrait UIInterfaceOrientationLandscapeLeft UIInterfaceOrientationLandscapeRight";
				LD_RUNPATH_SEARCH_PATHS = (
					"$(inherited)",
					"@executable_path/Frameworks",
				);
				MARKETING_VERSION = 1.0;
				PRODUCT_BUNDLE_IDENTIFIER = bebas.bebasapp;
				PRODUCT_NAME = "$(TARGET_NAME)";
				SWIFT_EMIT_LOC_STRINGS = YES;
				SWIFT_VERSION = 5.0;
				TARGETED_DEVICE_FAMILY = "1,2";
			};
			name = Debug;
		};
		36223F8F2A52800900E57E07 /* Release */ = {
			isa = XCBuildConfiguration;
			buildSettings = {
				ASSETCATALOG_COMPILER_APPICON_NAME = AppIcon;
				ASSETCATALOG_COMPILER_GLOBAL_ACCENT_COLOR_NAME = AccentColor;
				CODE_SIGN_STYLE = Automatic;
				CURRENT_PROJECT_VERSION = 1;
				GENERATE_INFOPLIST_FILE = YES;
				INFOPLIST_FILE = bebasapp/Info.plist;
				INFOPLIST_KEY_UIApplicationSupportsIndirectInputEvents = YES;
				INFOPLIST_KEY_UILaunchStoryboardName = LaunchScreen;
				INFOPLIST_KEY_UIMainStoryboardFile = Main;
				INFOPLIST_KEY_UISupportedInterfaceOrientations_iPad = "UIInterfaceOrientationPortrait UIInterfaceOrientationPortraitUpsideDown UIInterfaceOrientationLandscapeLeft UIInterfaceOrientationLandscapeRight";
				INFOPLIST_KEY_UISupportedInterfaceOrientations_iPhone = "UIInterfaceOrientationPortrait UIInterfaceOrientationLandscapeLeft UIInterfaceOrientationLandscapeRight";
				LD_RUNPATH_SEARCH_PATHS = (
					"$(inherited)",
					"@executable_path/Frameworks",
				);
				MARKETING_VERSION = 1.0;
				PRODUCT_BUNDLE_IDENTIFIER = bebas.bebasapp;
				PRODUCT_NAME = "$(TARGET_NAME)";
				SWIFT_EMIT_LOC_STRINGS = YES;
				SWIFT_VERSION = 5.0;
				TARGETED_DEVICE_FAMILY = "1,2";
			};
			name = Release;
		};
		36223F912A52800900E57E07 /* Debug */ = {
			isa = XCBuildConfiguration;
			buildSettings = {
				ALWAYS_EMBED_SWIFT_STANDARD_LIBRARIES = YES;
				BUNDLE_LOADER = "$(TEST_HOST)";
				CODE_SIGN_STYLE = Automatic;
				CURRENT_PROJECT_VERSION = 1;
				GENERATE_INFOPLIST_FILE = YES;
				IPHONEOS_DEPLOYMENT_TARGET = 15.4;
				MARKETING_VERSION = 1.0;
				PRODUCT_BUNDLE_IDENTIFIER = bebas.bebasappTests;
				PRODUCT_NAME = "$(TARGET_NAME)";
				SWIFT_EMIT_LOC_STRINGS = NO;
				SWIFT_VERSION = 5.0;
				TARGETED_DEVICE_FAMILY = "1,2";
				TEST_HOST = "$(BUILT_PRODUCTS_DIR)/bebasapp.app/bebasapp";
			};
			name = Debug;
		};
		36223F922A52800900E57E07 /* Release */ = {
			isa = XCBuildConfiguration;
			buildSettings = {
				ALWAYS_EMBED_SWIFT_STANDARD_LIBRARIES = YES;
				BUNDLE_LOADER = "$(TEST_HOST)";
				CODE_SIGN_STYLE = Automatic;
				CURRENT_PROJECT_VERSION = 1;
				GENERATE_INFOPLIST_FILE = YES;
				IPHONEOS_DEPLOYMENT_TARGET = 15.4;
				MARKETING_VERSION = 1.0;
				PRODUCT_BUNDLE_IDENTIFIER = bebas.bebasappTests;
				PRODUCT_NAME = "$(TARGET_NAME)";
				SWIFT_EMIT_LOC_STRINGS = NO;
				SWIFT_VERSION = 5.0;
				TARGETED_DEVICE_FAMILY = "1,2";
				TEST_HOST = "$(BUILT_PRODUCTS_DIR)/bebasapp.app/bebasapp";
			};
			name = Release;
		};
		36223F942A52800900E57E07 /* Debug */ = {
			isa = XCBuildConfiguration;
			buildSettings = {
				ALWAYS_EMBED_SWIFT_STANDARD_LIBRARIES = YES;
				CODE_SIGN_STYLE = Automatic;
				CURRENT_PROJECT_VERSION = 1;
				GENERATE_INFOPLIST_FILE = YES;
				MARKETING_VERSION = 1.0;
				PRODUCT_BUNDLE_IDENTIFIER = bebas.bebasappUITests;
				PRODUCT_NAME = "$(TARGET_NAME)";
				SWIFT_EMIT_LOC_STRINGS = NO;
				SWIFT_VERSION = 5.0;
				TARGETED_DEVICE_FAMILY = "1,2";
				TEST_TARGET_NAME = bebasapp;
			};
			name = Debug;
		};
		36223F952A52800900E57E07 /* Release */ = {
			isa = XCBuildConfiguration;
			buildSettings = {
				ALWAYS_EMBED_SWIFT_STANDARD_LIBRARIES = YES;
				CODE_SIGN_STYLE = Automatic;
				CURRENT_PROJECT_VERSION = 1;
				GENERATE_INFOPLIST_FILE = YES;
				MARKETING_VERSION = 1.0;
				PRODUCT_BUNDLE_IDENTIFIER = bebas.bebasappUITests;
				PRODUCT_NAME = "$(TARGET_NAME)";
				SWIFT_EMIT_LOC_STRINGS = NO;
				SWIFT_VERSION = 5.0;
				TARGETED_DEVICE_FAMILY = "1,2";
				TEST_TARGET_NAME = bebasapp;
			};
			name = Release;
		};
/* End XCBuildConfiguration section */

/* Begin XCConfigurationList section */
		36223F5E2A52800300E57E07 /* Build configuration list for PBXProject "bebasapp" */ = {
			isa = XCConfigurationList;
			buildConfigurations = (
				36223F8B2A52800900E57E07 /* Debug */,
				36223F8C2A52800900E57E07 /* Release */,
			);
			defaultConfigurationIsVisible = 0;
			defaultConfigurationName = Release;
		};
		36223F8D2A52800900E57E07 /* Build configuration list for PBXNativeTarget "bebasapp" */ = {
			isa = XCConfigurationList;
			buildConfigurations = (
				36223F8E2A52800900E57E07 /* Debug */,
				36223F8F2A52800900E57E07 /* Release */,
			);
			defaultConfigurationIsVisible = 0;
			defaultConfigurationName = Release;
		};
		36223F902A52800900E57E07 /* Build configuration list for PBXNativeTarget "bebasappTests" */ = {
			isa = XCConfigurationList;
			buildConfigurations = (
				36223F912A52800900E57E07 /* Debug */,
				36223F922A52800900E57E07 /* Release */,
			);
			defaultConfigurationIsVisible = 0;
			defaultConfigurationName = Release;
		};
		36223F932A52800900E57E07 /* Build configuration list for PBXNativeTarget "bebasappUITests" */ = {
			isa = XCConfigurationList;
			buildConfigurations = (
				36223F942A52800900E57E07 /* Debug */,
				36223F952A52800900E57E07 /* Release */,
			);
			defaultConfigurationIsVisible = 0;
			defaultConfigurationName = Release;
		};
/* End XCConfigurationList section */
	};
	rootObject = 36223F5B2A52800300E57E07 /* Project object */;
}
